
Microsoft Visual Studio Solution File, Format Version 12.00
# Visual Studio Version 16
VisualStudioVersion = 16.0.30523.141
MinimumVisualStudioVersion = 10.0.40219.1
Project("{9A19103F-16F7-4668-BE54-9A1E7A4F7556}") = "PetShop.App", "PetShop.App\PetShop.App.csproj", "{F4853312-ADDF-4347-85C1-EEDE52FB2DA3}"
EndProject
Project("{9A19103F-16F7-4668-BE54-9A1E7A4F7556}") = "PetShop.Shared", "PetShop.Shared\PetShop.Shared.csproj", "{84EA6BCE-B0BE-49CD-B777-E73E1A4A66AE}"
EndProject
Project("{9A19103F-16F7-4668-BE54-9A1E7A4F7556}") = "PetShop.Api", "PetShop.Api\PetShop.Api.csproj", "{35CFAA37-22C7-4370-B300-74B9BE212AD9}"
EndProject
Project("{9A19103F-16F7-4668-BE54-9A1E7A4F7556}") = "PetShop.ComponentsLibrary", "PetShop.ComponentsLibrary\PetShop.ComponentsLibrary.csproj", "{A7AB27CB-91B7-4029-A82C-2282588D9833}"
EndProject
Project("{9A19103F-16F7-4668-BE54-9A1E7A4F7556}") = "PetShop.Client", "PetShop.Client\PetShop.Client.csproj", "{393D1541-5D7B-407E-8993-FB4E879935BB}"
EndProject
Project("{9A19103F-16F7-4668-BE54-9A1E7A4F7556}") = "PetShop.Server", "PetShop.Server\PetShop.Server.csproj", "{B06141EE-1DB9-44E8-AE36-6F0A13DBD06E}"
EndProject
Global
	GlobalSection(SolutionConfigurationPlatforms) = preSolution
		Debug|Any CPU = Debug|Any CPU
		Release|Any CPU = Release|Any CPU
	EndGlobalSection
	GlobalSection(ProjectConfigurationPlatforms) = postSolution
		{F4853312-ADDF-4347-85C1-EEDE52FB2DA3}.Debug|Any CPU.ActiveCfg = Debug|Any CPU
		{F4853312-ADDF-4347-85C1-EEDE52FB2DA3}.Debug|Any CPU.Build.0 = Debug|Any CPU
		{F4853312-ADDF-4347-85C1-EEDE52FB2DA3}.Release|Any CPU.ActiveCfg = Release|Any CPU
		{F4853312-ADDF-4347-85C1-EEDE52FB2DA3}.Release|Any CPU.Build.0 = Release|Any CPU
		{84EA6BCE-B0BE-49CD-B777-E73E1A4A66AE}.Debug|Any CPU.ActiveCfg = Debug|Any CPU
		{84EA6BCE-B0BE-49CD-B777-E73E1A4A66AE}.Debug|Any CPU.Build.0 = Debug|Any CPU
		{84EA6BCE-B0BE-49CD-B777-E73E1A4A66AE}.Release|Any CPU.ActiveCfg = Release|Any CPU
		{84EA6BCE-B0BE-49CD-B777-E73E1A4A66AE}.Release|Any CPU.Build.0 = Release|Any CPU
		{35CFAA37-22C7-4370-B300-74B9BE212AD9}.Debug|Any CPU.ActiveCfg = Debug|Any CPU
		{35CFAA37-22C7-4370-B300-74B9BE212AD9}.Debug|Any CPU.Build.0 = Debug|Any CPU
		{35CFAA37-22C7-4370-B300-74B9BE212AD9}.Release|Any CPU.ActiveCfg = Release|Any CPU
		{35CFAA37-22C7-4370-B300-74B9BE212AD9}.Release|Any CPU.Build.0 = Release|Any CPU
		{A7AB27CB-91B7-4029-A82C-2282588D9833}.Debug|Any CPU.ActiveCfg = Debug|Any CPU
		{A7AB27CB-91B7-4029-A82C-2282588D9833}.Debug|Any CPU.Build.0 = Debug|Any CPU
		{A7AB27CB-91B7-4029-A82C-2282588D9833}.Release|Any CPU.ActiveCfg = Release|Any CPU
		{A7AB27CB-91B7-4029-A82C-2282588D9833}.Release|Any CPU.Build.0 = Release|Any CPU
		{393D1541-5D7B-407E-8993-FB4E879935BB}.Debug|Any CPU.ActiveCfg = Debug|Any CPU
		{393D1541-5D7B-407E-8993-FB4E879935BB}.Debug|Any CPU.Build.0 = Debug|Any CPU
		{393D1541-5D7B-407E-8993-FB4E879935BB}.Release|Any CPU.ActiveCfg = Release|Any CPU
		{393D1541-5D7B-407E-8993-FB4E879935BB}.Release|Any CPU.Build.0 = Release|Any CPU
		{B06141EE-1DB9-44E8-AE36-6F0A13DBD06E}.Debug|Any CPU.ActiveCfg = Debug|Any CPU
		{B06141EE-1DB9-44E8-AE36-6F0A13DBD06E}.Debug|Any CPU.Build.0 = Debug|Any CPU
		{B06141EE-1DB9-44E8-AE36-6F0A13DBD06E}.Release|Any CPU.ActiveCfg = Release|Any CPU
		{B06141EE-1DB9-44E8-AE36-6F0A13DBD06E}.Release|Any CPU.Build.0 = Release|Any CPU
	EndGlobalSection
	GlobalSection(SolutionProperties) = preSolution
		HideSolutionNode = FALSE
	EndGlobalSection
	GlobalSection(ExtensibilityGlobals) = postSolution
		SolutionGuid = {30822757-34CF-4A1D-8B32-76458EB5437C}
	EndGlobalSection
EndGlobal
